
Microsoft Visual Studio Solution File, Format Version 12.00
# Visual Studio Version 17
VisualStudioVersion = 17.7.34202.233
MinimumVisualStudioVersion = 10.0.40219.1
Project("{FAE04EC0-301F-11D3-BF4B-00C04F79EFBC}") = "API-ASSIGNMENTS", "API-ASSIGNMENTS.csproj", "{9F9B4392-2DDA-44BB-B94E-FC2EF51E6181}"
EndProject
Global
	GlobalSection(SolutionConfigurationPlatforms) = preSolution
		Debug|Any CPU = Debug|Any CPU
		Release|Any CPU = Release|Any CPU
	EndGlobalSection
	GlobalSection(ProjectConfigurationPlatforms) = postSolution
		{9F9B4392-2DDA-44BB-B94E-FC2EF51E6181}.Debug|Any CPU.ActiveCfg = Debug|Any CPU
		{9F9B4392-2DDA-44BB-B94E-FC2EF51E6181}.Debug|Any CPU.Build.0 = Debug|Any CPU
		{9F9B4392-2DDA-44BB-B94E-FC2EF51E6181}.Release|Any CPU.ActiveCfg = Release|Any CPU
		{9F9B4392-2DDA-44BB-B94E-FC2EF51E6181}.Release|Any CPU.Build.0 = Release|Any CPU
	EndGlobalSection
	GlobalSection(SolutionProperties) = preSolution
		HideSolutionNode = FALSE
	EndGlobalSection
	GlobalSection(ExtensibilityGlobals) = postSolution
		SolutionGuid = {76B6780B-32D9-40D2-AA95-AE1CF1E223EB}
	EndGlobalSection
EndGlobal
